
Microsoft Visual Studio Solution File, Format Version 12.00
# Visual Studio Version 16
VisualStudioVersion = 16.0.32126.315
MinimumVisualStudioVersion = 10.0.40219.1
Project("{FAE04EC0-301F-11D3-BF4B-00C04F79EFBC}") = "WebCoreMvc", "WebCoreMvc\WebCoreMvc.csproj", "{B3B14CE6-B1D5-459A-8ACF-E3702589CB28}"
EndProject
Global
	GlobalSection(SolutionConfigurationPlatforms) = preSolution
		Debug|Any CPU = Debug|Any CPU
		Release|Any CPU = Release|Any CPU
	EndGlobalSection
	GlobalSection(ProjectConfigurationPlatforms) = postSolution
		{B3B14CE6-B1D5-459A-8ACF-E3702589CB28}.Debug|Any CPU.ActiveCfg = Debug|Any CPU
		{B3B14CE6-B1D5-459A-8ACF-E3702589CB28}.Debug|Any CPU.Build.0 = Debug|Any CPU
		{B3B14CE6-B1D5-459A-8ACF-E3702589CB28}.Release|Any CPU.ActiveCfg = Release|Any CPU
		{B3B14CE6-B1D5-459A-8ACF-E3702589CB28}.Release|Any CPU.Build.0 = Release|Any CPU
	EndGlobalSection
	GlobalSection(SolutionProperties) = preSolution
		HideSolutionNode = FALSE
	EndGlobalSection
	GlobalSection(ExtensibilityGlobals) = postSolution
		SolutionGuid = {A56DB758-D21A-46DB-A3AD-99567CD7894E}
	EndGlobalSection
EndGlobal
